// !$*UTF8*$!
{
	archiveVersion = 1;
	classes = {
	};
	objectVersion = 46;
	objects = {

/* Begin PBXBuildFile section */
		3B07E124010E1226B3D5E595 /* libPods-photoSetter.a in Frameworks */ = {isa = PBXBuildFile; fileRef = 3C04D947B1AE178E1A0ACE94 /* libPods-photoSetter.a */; };
		EAE2CCF61B4C8B5F00FC34C2 /* PHSSettingsViewController.m in Sources */ = {isa = PBXBuildFile; fileRef = EAE2CCF41B4C8B5F00FC34C2 /* PHSSettingsViewController.m */; };
		EAE2CCF71B4C8B5F00FC34C2 /* PHSSettingsViewController.xib in Resources */ = {isa = PBXBuildFile; fileRef = EAE2CCF51B4C8B5F00FC34C2 /* PHSSettingsViewController.xib */; };
		EAE449051B45817F004DE149 /* main.m in Sources */ = {isa = PBXBuildFile; fileRef = EAE449041B45817F004DE149 /* main.m */; };
		EAE449081B45817F004DE149 /* AppDelegate.m in Sources */ = {isa = PBXBuildFile; fileRef = EAE449071B45817F004DE149 /* AppDelegate.m */; };
		EAE449101B45817F004DE149 /* Images.xcassets in Resources */ = {isa = PBXBuildFile; fileRef = EAE4490F1B45817F004DE149 /* Images.xcassets */; };
		EAE449131B45817F004DE149 /* LaunchScreen.xib in Resources */ = {isa = PBXBuildFile; fileRef = EAE449111B45817F004DE149 /* LaunchScreen.xib */; };
		EAE4491F1B45817F004DE149 /* photoSetterTests.m in Sources */ = {isa = PBXBuildFile; fileRef = EAE4491E1B45817F004DE149 /* photoSetterTests.m */; };
		EAE4492F1B45B8A9004DE149 /* keys.plist in Resources */ = {isa = PBXBuildFile; fileRef = EAE4492E1B45B8A9004DE149 /* keys.plist */; };
		EAF9F7D61B55AE0D00CB07DE /* PHSImageViewController.m in Sources */ = {isa = PBXBuildFile; fileRef = EAF9F7D41B55AE0D00CB07DE /* PHSImageViewController.m */; };
		EAF9F7D71B55AE0D00CB07DE /* PHSImageViewController.xib in Resources */ = {isa = PBXBuildFile; fileRef = EAF9F7D51B55AE0D00CB07DE /* PHSImageViewController.xib */; };
/* End PBXBuildFile section */

/* Begin PBXContainerItemProxy section */
		EAE449191B45817F004DE149 /* PBXContainerItemProxy */ = {
			isa = PBXContainerItemProxy;
			containerPortal = EAE448F71B45817F004DE149 /* Project object */;
			proxyType = 1;
			remoteGlobalIDString = EAE448FE1B45817F004DE149;
			remoteInfo = photoSetter;
		};
/* End PBXContainerItemProxy section */

/* Begin PBXFileReference section */
		3C04D947B1AE178E1A0ACE94 /* libPods-photoSetter.a */ = {isa = PBXFileReference; explicitFileType = archive.ar; includeInIndex = 0; path = "libPods-photoSetter.a"; sourceTree = BUILT_PRODUCTS_DIR; };
		7EAEB3E9764E4BED04F497C1 /* Pods-photoSetter.debug.xcconfig */ = {isa = PBXFileReference; includeInIndex = 1; lastKnownFileType = text.xcconfig; name = "Pods-photoSetter.debug.xcconfig"; path = "Pods/Target Support Files/Pods-photoSetter/Pods-photoSetter.debug.xcconfig"; sourceTree = "<group>"; };
		DD547600B14A3C96678AA9D1 /* Pods-photoSetter.release.xcconfig */ = {isa = PBXFileReference; includeInIndex = 1; lastKnownFileType = text.xcconfig; name = "Pods-photoSetter.release.xcconfig"; path = "Pods/Target Support Files/Pods-photoSetter/Pods-photoSetter.release.xcconfig"; sourceTree = "<group>"; };
		EAE2CCF31B4C8B5F00FC34C2 /* PHSSettingsViewController.h */ = {isa = PBXFileReference; fileEncoding = 4; lastKnownFileType = sourcecode.c.h; path = PHSSettingsViewController.h; sourceTree = "<group>"; };
		EAE2CCF41B4C8B5F00FC34C2 /* PHSSettingsViewController.m */ = {isa = PBXFileReference; fileEncoding = 4; lastKnownFileType = sourcecode.c.objc; path = PHSSettingsViewController.m; sourceTree = "<group>"; };
		EAE2CCF51B4C8B5F00FC34C2 /* PHSSettingsViewController.xib */ = {isa = PBXFileReference; fileEncoding = 4; lastKnownFileType = file.xib; path = PHSSettingsViewController.xib; sourceTree = "<group>"; };
		EAE448FF1B45817F004DE149 /* photoSetter.app */ = {isa = PBXFileReference; explicitFileType = wrapper.application; includeInIndex = 0; path = photoSetter.app; sourceTree = BUILT_PRODUCTS_DIR; };
		EAE449031B45817F004DE149 /* Info.plist */ = {isa = PBXFileReference; lastKnownFileType = text.plist.xml; path = Info.plist; sourceTree = "<group>"; };
		EAE449041B45817F004DE149 /* main.m */ = {isa = PBXFileReference; lastKnownFileType = sourcecode.c.objc; path = main.m; sourceTree = "<group>"; };
		EAE449061B45817F004DE149 /* AppDelegate.h */ = {isa = PBXFileReference; lastKnownFileType = sourcecode.c.h; path = AppDelegate.h; sourceTree = "<group>"; };
		EAE449071B45817F004DE149 /* AppDelegate.m */ = {isa = PBXFileReference; lastKnownFileType = sourcecode.c.objc; path = AppDelegate.m; sourceTree = "<group>"; };
		EAE4490F1B45817F004DE149 /* Images.xcassets */ = {isa = PBXFileReference; lastKnownFileType = folder.assetcatalog; path = Images.xcassets; sourceTree = "<group>"; };
		EAE449121B45817F004DE149 /* Base */ = {isa = PBXFileReference; lastKnownFileType = file.xib; name = Base; path = Base.lproj/LaunchScreen.xib; sourceTree = "<group>"; };
		EAE449181B45817F004DE149 /* photoSetterTests.xctest */ = {isa = PBXFileReference; explicitFileType = wrapper.cfbundle; includeInIndex = 0; path = photoSetterTests.xctest; sourceTree = BUILT_PRODUCTS_DIR; };
		EAE4491D1B45817F004DE149 /* Info.plist */ = {isa = PBXFileReference; lastKnownFileType = text.plist.xml; path = Info.plist; sourceTree = "<group>"; };
		EAE4491E1B45817F004DE149 /* photoSetterTests.m */ = {isa = PBXFileReference; lastKnownFileType = sourcecode.c.objc; path = photoSetterTests.m; sourceTree = "<group>"; };
		EAE4492E1B45B8A9004DE149 /* keys.plist */ = {isa = PBXFileReference; fileEncoding = 4; lastKnownFileType = text.plist.xml; path = keys.plist; sourceTree = "<group>"; };
		EAF9F7D31B55AE0D00CB07DE /* PHSImageViewController.h */ = {isa = PBXFileReference; fileEncoding = 4; lastKnownFileType = sourcecode.c.h; path = PHSImageViewController.h; sourceTree = "<group>"; };
		EAF9F7D41B55AE0D00CB07DE /* PHSImageViewController.m */ = {isa = PBXFileReference; fileEncoding = 4; lastKnownFileType = sourcecode.c.objc; path = PHSImageViewController.m; sourceTree = "<group>"; };
		EAF9F7D51B55AE0D00CB07DE /* PHSImageViewController.xib */ = {isa = PBXFileReference; fileEncoding = 4; lastKnownFileType = file.xib; path = PHSImageViewController.xib; sourceTree = "<group>"; };
/* End PBXFileReference section */

/* Begin PBXFrameworksBuildPhase section */
		EAE448FC1B45817F004DE149 /* Frameworks */ = {
			isa = PBXFrameworksBuildPhase;
			buildActionMask = 2147483647;
			files = (
				3B07E124010E1226B3D5E595 /* libPods-photoSetter.a in Frameworks */,
			);
			runOnlyForDeploymentPostprocessing = 0;
		};
		EAE449151B45817F004DE149 /* Frameworks */ = {
			isa = PBXFrameworksBuildPhase;
			buildActionMask = 2147483647;
			files = (
			);
			runOnlyForDeploymentPostprocessing = 0;
		};
/* End PBXFrameworksBuildPhase section */

/* Begin PBXGroup section */
		3B615E88110900C5A0C46C46 /* Pods */ = {
			isa = PBXGroup;
			children = (
				7EAEB3E9764E4BED04F497C1 /* Pods-photoSetter.debug.xcconfig */,
				DD547600B14A3C96678AA9D1 /* Pods-photoSetter.release.xcconfig */,
			);
			name = Pods;
			sourceTree = "<group>";
		};
		E95B756F85464D90BAA7AFD2 /* Frameworks */ = {
			isa = PBXGroup;
			children = (
				3C04D947B1AE178E1A0ACE94 /* libPods-photoSetter.a */,
			);
			name = Frameworks;
			sourceTree = "<group>";
		};
		EAE448F61B45817F004DE149 = {
			isa = PBXGroup;
			children = (
				EAE449011B45817F004DE149 /* photoSetter */,
				EAE4491B1B45817F004DE149 /* photoSetterTests */,
				EAE449001B45817F004DE149 /* Products */,
				3B615E88110900C5A0C46C46 /* Pods */,
				E95B756F85464D90BAA7AFD2 /* Frameworks */,
			);
			sourceTree = "<group>";
		};
		EAE449001B45817F004DE149 /* Products */ = {
			isa = PBXGroup;
			children = (
				EAE448FF1B45817F004DE149 /* photoSetter.app */,
				EAE449181B45817F004DE149 /* photoSetterTests.xctest */,
			);
			name = Products;
			sourceTree = "<group>";
		};
		EAE449011B45817F004DE149 /* photoSetter */ = {
			isa = PBXGroup;
			children = (
				EAE449061B45817F004DE149 /* AppDelegate.h */,
				EAE449071B45817F004DE149 /* AppDelegate.m */,
				EAF9F7D31B55AE0D00CB07DE /* PHSImageViewController.h */,
				EAF9F7D41B55AE0D00CB07DE /* PHSImageViewController.m */,
				EAF9F7D51B55AE0D00CB07DE /* PHSImageViewController.xib */,
				EAE2CCF31B4C8B5F00FC34C2 /* PHSSettingsViewController.h */,
				EAE2CCF41B4C8B5F00FC34C2 /* PHSSettingsViewController.m */,
				EAE2CCF51B4C8B5F00FC34C2 /* PHSSettingsViewController.xib */,
				EAE4490F1B45817F004DE149 /* Images.xcassets */,
				EAE449111B45817F004DE149 /* LaunchScreen.xib */,
				EAE449021B45817F004DE149 /* Supporting Files */,
			);
			path = photoSetter;
			sourceTree = "<group>";
		};
		EAE449021B45817F004DE149 /* Supporting Files */ = {
			isa = PBXGroup;
			children = (
				EAE449031B45817F004DE149 /* Info.plist */,
				EAE449041B45817F004DE149 /* main.m */,
				EAE4492E1B45B8A9004DE149 /* keys.plist */,
			);
			name = "Supporting Files";
			sourceTree = "<group>";
		};
		EAE4491B1B45817F004DE149 /* photoSetterTests */ = {
			isa = PBXGroup;
			children = (
				EAE4491E1B45817F004DE149 /* photoSetterTests.m */,
				EAE4491C1B45817F004DE149 /* Supporting Files */,
			);
			path = photoSetterTests;
			sourceTree = "<group>";
		};
		EAE4491C1B45817F004DE149 /* Supporting Files */ = {
			isa = PBXGroup;
			children = (
				EAE4491D1B45817F004DE149 /* Info.plist */,
			);
			name = "Supporting Files";
			sourceTree = "<group>";
		};
/* End PBXGroup section */

/* Begin PBXNativeTarget section */
		EAE448FE1B45817F004DE149 /* photoSetter */ = {
			isa = PBXNativeTarget;
			buildConfigurationList = EAE449221B45817F004DE149 /* Build configuration list for PBXNativeTarget "photoSetter" */;
			buildPhases = (
				51320DBA2A5966380CBE7D23 /* Check Pods Manifest.lock */,
				EAE448FB1B45817F004DE149 /* Sources */,
				EAE448FC1B45817F004DE149 /* Frameworks */,
				EAE448FD1B45817F004DE149 /* Resources */,
				FE6A60284C94E63724B83729 /* Copy Pods Resources */,
			);
			buildRules = (
			);
			dependencies = (
			);
			name = photoSetter;
			productName = photoSetter;
			productReference = EAE448FF1B45817F004DE149 /* photoSetter.app */;
			productType = "com.apple.product-type.application";
		};
		EAE449171B45817F004DE149 /* photoSetterTests */ = {
			isa = PBXNativeTarget;
			buildConfigurationList = EAE449251B45817F004DE149 /* Build configuration list for PBXNativeTarget "photoSetterTests" */;
			buildPhases = (
				EAE449141B45817F004DE149 /* Sources */,
				EAE449151B45817F004DE149 /* Frameworks */,
				EAE449161B45817F004DE149 /* Resources */,
			);
			buildRules = (
			);
			dependencies = (
				EAE4491A1B45817F004DE149 /* PBXTargetDependency */,
			);
			name = photoSetterTests;
			productName = photoSetterTests;
			productReference = EAE449181B45817F004DE149 /* photoSetterTests.xctest */;
			productType = "com.apple.product-type.bundle.unit-test";
		};
/* End PBXNativeTarget section */

/* Begin PBXProject section */
		EAE448F71B45817F004DE149 /* Project object */ = {
			isa = PBXProject;
			attributes = {
				LastUpgradeCheck = 0630;
				ORGANIZATIONNAME = DoSomething;
				TargetAttributes = {
					EAE448FE1B45817F004DE149 = {
						CreatedOnToolsVersion = 6.3.2;
					};
					EAE449171B45817F004DE149 = {
						CreatedOnToolsVersion = 6.3.2;
						TestTargetID = EAE448FE1B45817F004DE149;
					};
				};
			};
			buildConfigurationList = EAE448FA1B45817F004DE149 /* Build configuration list for PBXProject "photoSetter" */;
			compatibilityVersion = "Xcode 3.2";
			developmentRegion = English;
			hasScannedForEncodings = 0;
			knownRegions = (
				en,
				Base,
			);
			mainGroup = EAE448F61B45817F004DE149;
			productRefGroup = EAE449001B45817F004DE149 /* Products */;
			projectDirPath = "";
			projectRoot = "";
			targets = (
				EAE448FE1B45817F004DE149 /* photoSetter */,
				EAE449171B45817F004DE149 /* photoSetterTests */,
			);
		};
/* End PBXProject section */

/* Begin PBXResourcesBuildPhase section */
		EAE448FD1B45817F004DE149 /* Resources */ = {
			isa = PBXResourcesBuildPhase;
			buildActionMask = 2147483647;
			files = (
				EAF9F7D71B55AE0D00CB07DE /* PHSImageViewController.xib in Resources */,
				EAE449131B45817F004DE149 /* LaunchScreen.xib in Resources */,
				EAE2CCF71B4C8B5F00FC34C2 /* PHSSettingsViewController.xib in Resources */,
				EAE449101B45817F004DE149 /* Images.xcassets in Resources */,
				EAE4492F1B45B8A9004DE149 /* keys.plist in Resources */,
			);
			runOnlyForDeploymentPostprocessing = 0;
		};
		EAE449161B45817F004DE149 /* Resources */ = {
			isa = PBXResourcesBuildPhase;
			buildActionMask = 2147483647;
			files = (
			);
			runOnlyForDeploymentPostprocessing = 0;
		};
/* End PBXResourcesBuildPhase section */

/* Begin PBXShellScriptBuildPhase section */
		51320DBA2A5966380CBE7D23 /* Check Pods Manifest.lock */ = {
			isa = PBXShellScriptBuildPhase;
			buildActionMask = 2147483647;
			files = (
			);
			inputPaths = (
			);
			name = "Check Pods Manifest.lock";
			outputPaths = (
			);
			runOnlyForDeploymentPostprocessing = 0;
			shellPath = /bin/sh;
			shellScript = "diff \"${PODS_ROOT}/../Podfile.lock\" \"${PODS_ROOT}/Manifest.lock\" > /dev/null\nif [[ $? != 0 ]] ; then\n    cat << EOM\nerror: The sandbox is not in sync with the Podfile.lock. Run 'pod install' or update your CocoaPods installation.\nEOM\n    exit 1\nfi\n";
			showEnvVarsInLog = 0;
		};
		FE6A60284C94E63724B83729 /* Copy Pods Resources */ = {
			isa = PBXShellScriptBuildPhase;
			buildActionMask = 2147483647;
			files = (
			);
			inputPaths = (
			);
			name = "Copy Pods Resources";
			outputPaths = (
			);
			runOnlyForDeploymentPostprocessing = 0;
			shellPath = /bin/sh;
			shellScript = "\"${SRCROOT}/Pods/Target Support Files/Pods-photoSetter/Pods-photoSetter-resources.sh\"\n";
			showEnvVarsInLog = 0;
		};
/* End PBXShellScriptBuildPhase section */

/* Begin PBXSourcesBuildPhase section */
		EAE448FB1B45817F004DE149 /* Sources */ = {
			isa = PBXSourcesBuildPhase;
			buildActionMask = 2147483647;
			files = (
				EAF9F7D61B55AE0D00CB07DE /* PHSImageViewController.m in Sources */,
				EAE449081B45817F004DE149 /* AppDelegate.m in Sources */,
				EAE449051B45817F004DE149 /* main.m in Sources */,
				EAE2CCF61B4C8B5F00FC34C2 /* PHSSettingsViewController.m in Sources */,
			);
			runOnlyForDeploymentPostprocessing = 0;
		};
		EAE449141B45817F004DE149 /* Sources */ = {
			isa = PBXSourcesBuildPhase;
			buildActionMask = 2147483647;
			files = (
				EAE4491F1B45817F004DE149 /* photoSetterTests.m in Sources */,
			);
			runOnlyForDeploymentPostprocessing = 0;
		};
/* End PBXSourcesBuildPhase section */

/* Begin PBXTargetDependency section */
		EAE4491A1B45817F004DE149 /* PBXTargetDependency */ = {
			isa = PBXTargetDependency;
			target = EAE448FE1B45817F004DE149 /* photoSetter */;
			targetProxy = EAE449191B45817F004DE149 /* PBXContainerItemProxy */;
		};
/* End PBXTargetDependency section */

/* Begin PBXVariantGroup section */
		EAE449111B45817F004DE149 /* LaunchScreen.xib */ = {
			isa = PBXVariantGroup;
			children = (
				EAE449121B45817F004DE149 /* Base */,
			);
			name = LaunchScreen.xib;
			sourceTree = "<group>";
		};
/* End PBXVariantGroup section */

/* Begin XCBuildConfiguration section */
		EAE449201B45817F004DE149 /* Debug */ = {
			isa = XCBuildConfiguration;
			buildSettings = {
				ALWAYS_SEARCH_USER_PATHS = NO;
				CLANG_CXX_LANGUAGE_STANDARD = "gnu++0x";
				CLANG_CXX_LIBRARY = "libc++";
				CLANG_ENABLE_MODULES = YES;
				CLANG_ENABLE_OBJC_ARC = YES;
				CLANG_WARN_BOOL_CONVERSION = YES;
				CLANG_WARN_CONSTANT_CONVERSION = YES;
				CLANG_WARN_DIRECT_OBJC_ISA_USAGE = YES_ERROR;
				CLANG_WARN_EMPTY_BODY = YES;
				CLANG_WARN_ENUM_CONVERSION = YES;
				CLANG_WARN_INT_CONVERSION = YES;
				CLANG_WARN_OBJC_ROOT_CLASS = YES_ERROR;
				CLANG_WARN_UNREACHABLE_CODE = YES;
				CLANG_WARN__DUPLICATE_METHOD_MATCH = YES;
				"CODE_SIGN_IDENTITY[sdk=iphoneos*]" = "iPhone Developer";
				COPY_PHASE_STRIP = NO;
				DEBUG_INFORMATION_FORMAT = "dwarf-with-dsym";
				ENABLE_STRICT_OBJC_MSGSEND = YES;
				GCC_C_LANGUAGE_STANDARD = gnu99;
				GCC_DYNAMIC_NO_PIC = NO;
				GCC_NO_COMMON_BLOCKS = YES;
				GCC_OPTIMIZATION_LEVEL = 0;
				GCC_PREPROCESSOR_DEFINITIONS = (
					"DEBUG=1",
					"$(inherited)",
				);
				GCC_SYMBOLS_PRIVATE_EXTERN = NO;
				GCC_WARN_64_TO_32_BIT_CONVERSION = YES;
				GCC_WARN_ABOUT_RETURN_TYPE = YES_ERROR;
				GCC_WARN_UNDECLARED_SELECTOR = YES;
				GCC_WARN_UNINITIALIZED_AUTOS = YES_AGGRESSIVE;
				GCC_WARN_UNUSED_FUNCTION = YES;
				GCC_WARN_UNUSED_VARIABLE = YES;
				IPHONEOS_DEPLOYMENT_TARGET = 8.3;
				MTL_ENABLE_DEBUG_INFO = YES;
				ONLY_ACTIVE_ARCH = YES;
				SDKROOT = iphoneos;
			};
			name = Debug;
		};
		EAE449211B45817F004DE149 /* Release */ = {
			isa = XCBuildConfiguration;
			buildSettings = {
				ALWAYS_SEARCH_USER_PATHS = NO;
				CLANG_CXX_LANGUAGE_STANDARD = "gnu++0x";
				CLANG_CXX_LIBRARY = "libc++";
				CLANG_ENABLE_MODULES = YES;
				CLANG_ENABLE_OBJC_ARC = YES;
				CLANG_WARN_BOOL_CONVERSION = YES;
				CLANG_WARN_CONSTANT_CONVERSION = YES;
				CLANG_WARN_DIRECT_OBJC_ISA_USAGE = YES_ERROR;
				CLANG_WARN_EMPTY_BODY = YES;
				CLANG_WARN_ENUM_CONVERSION = YES;
				CLANG_WARN_INT_CONVERSION = YES;
				CLANG_WARN_OBJC_ROOT_CLASS = YES_ERROR;
				CLANG_WARN_UNREACHABLE_CODE = YES;
				CLANG_WARN__DUPLICATE_METHOD_MATCH = YES;
				"CODE_SIGN_IDENTITY[sdk=iphoneos*]" = "iPhone Developer";
				COPY_PHASE_STRIP = NO;
				DEBUG_INFORMATION_FORMAT = "dwarf-with-dsym";
				ENABLE_NS_ASSERTIONS = NO;
				ENABLE_STRICT_OBJC_MSGSEND = YES;
				GCC_C_LANGUAGE_STANDARD = gnu99;
				GCC_NO_COMMON_BLOCKS = YES;
				GCC_WARN_64_TO_32_BIT_CONVERSION = YES;
				GCC_WARN_ABOUT_RETURN_TYPE = YES_ERROR;
				GCC_WARN_UNDECLARED_SELECTOR = YES;
				GCC_WARN_UNINITIALIZED_AUTOS = YES_AGGRESSIVE;
				GCC_WARN_UNUSED_FUNCTION = YES;
				GCC_WARN_UNUSED_VARIABLE = YES;
				IPHONEOS_DEPLOYMENT_TARGET = 8.3;
				MTL_ENABLE_DEBUG_INFO = NO;
				SDKROOT = iphoneos;
				VALIDATE_PRODUCT = YES;
			};
			name = Release;
		};
		EAE449231B45817F004DE149 /* Debug */ = {
			isa = XCBuildConfiguration;
			baseConfigurationReference = 7EAEB3E9764E4BED04F497C1 /* Pods-photoSetter.debug.xcconfig */;
			buildSettings = {
				ASSETCATALOG_COMPILER_APPICON_NAME = AppIcon;
				INFOPLIST_FILE = photoSetter/Info.plist;
				LD_RUNPATH_SEARCH_PATHS = "$(inherited) @executable_path/Frameworks";
				PRODUCT_NAME = "$(TARGET_NAME)";
			};
			name = Debug;
		};
		EAE449241B45817F004DE149 /* Release */ = {
			isa = XCBuildConfiguration;
			baseConfigurationReference = DD547600B14A3C96678AA9D1 /* Pods-photoSetter.release.xcconfig */;
			buildSettings = {
				ASSETCATALOG_COMPILER_APPICON_NAME = AppIcon;
				INFOPLIST_FILE = photoSetter/Info.plist;
				LD_RUNPATH_SEARCH_PATHS = "$(inherited) @executable_path/Frameworks";
				PRODUCT_NAME = "$(TARGET_NAME)";
			};
			name = Release;
		};
		EAE449261B45817F004DE149 /* Debug */ = {
			isa = XCBuildConfiguration;
			buildSettings = {
				BUNDLE_LOADER = "$(TEST_HOST)";
				FRAMEWORK_SEARCH_PATHS = (
					"$(SDKROOT)/Developer/Library/Frameworks",
					"$(inherited)",
				);
				GCC_PREPROCESSOR_DEFINITIONS = (
					"DEBUG=1",
					"$(inherited)",
				);
				INFOPLIST_FILE = photoSetterTests/Info.plist;
				LD_RUNPATH_SEARCH_PATHS = "$(inherited) @executable_path/Frameworks @loader_path/Frameworks";
				PRODUCT_NAME = "$(TARGET_NAME)";
				TEST_HOST = "$(BUILT_PRODUCTS_DIR)/photoSetter.app/photoSetter";
			};
			name = Debug;
		};
		EAE449271B45817F004DE149 /* Release */ = {
			isa = XCBuildConfiguration;
			buildSettings = {
				BUNDLE_LOADER = "$(TEST_HOST)";
				FRAMEWORK_SEARCH_PATHS = (
					"$(SDKROOT)/Developer/Library/Frameworks",
					"$(inherited)",
				);
				INFOPLIST_FILE = photoSetterTests/Info.plist;
				LD_RUNPATH_SEARCH_PATHS = "$(inherited) @executable_path/Frameworks @loader_path/Frameworks";
				PRODUCT_NAME = "$(TARGET_NAME)";
				TEST_HOST = "$(BUILT_PRODUCTS_DIR)/photoSetter.app/photoSetter";
			};
			name = Release;
		};
/* End XCBuildConfiguration section */

/* Begin XCConfigurationList section */
		EAE448FA1B45817F004DE149 /* Build configuration list for PBXProject "photoSetter" */ = {
			isa = XCConfigurationList;
			buildConfigurations = (
				EAE449201B45817F004DE149 /* Debug */,
				EAE449211B45817F004DE149 /* Release */,
			);
			defaultConfigurationIsVisible = 0;
			defaultConfigurationName = Release;
		};
		EAE449221B45817F004DE149 /* Build configuration list for PBXNativeTarget "photoSetter" */ = {
			isa = XCConfigurationList;
			buildConfigurations = (
				EAE449231B45817F004DE149 /* Debug */,
				EAE449241B45817F004DE149 /* Release */,
			);
			defaultConfigurationIsVisible = 0;
			defaultConfigurationName = Release;
		};
		EAE449251B45817F004DE149 /* Build configuration list for PBXNativeTarget "photoSetterTests" */ = {
			isa = XCConfigurationList;
			buildConfigurations = (
				EAE449261B45817F004DE149 /* Debug */,
				EAE449271B45817F004DE149 /* Release */,
			);
			defaultConfigurationIsVisible = 0;
			defaultConfigurationName = Release;
		};
/* End XCConfigurationList section */
	};
	rootObject = EAE448F71B45817F004DE149 /* Project object */;
}
